
Microsoft Visual Studio Solution File, Format Version 12.00
# Visual Studio Version 16
VisualStudioVersion = 16.0.31729.503
MinimumVisualStudioVersion = 10.0.40219.1
Project("{FAE04EC0-301F-11D3-BF4B-00C04F79EFBC}") = "CE Redef", "CE Redef\CE Redef.csproj", "{342BCF15-B092-48BE-AE74-4F1D662C79BA}"
EndProject
Global
	GlobalSection(SolutionConfigurationPlatforms) = preSolution
		Debug|Any CPU = Debug|Any CPU
		Release|Any CPU = Release|Any CPU
	EndGlobalSection
	GlobalSection(ProjectConfigurationPlatforms) = postSolution
		{342BCF15-B092-48BE-AE74-4F1D662C79BA}.Debug|Any CPU.ActiveCfg = Debug|Any CPU
		{342BCF15-B092-48BE-AE74-4F1D662C79BA}.Debug|Any CPU.Build.0 = Debug|Any CPU
		{342BCF15-B092-48BE-AE74-4F1D662C79BA}.Release|Any CPU.ActiveCfg = Release|Any CPU
		{342BCF15-B092-48BE-AE74-4F1D662C79BA}.Release|Any CPU.Build.0 = Release|Any CPU
	EndGlobalSection
	GlobalSection(SolutionProperties) = preSolution
		HideSolutionNode = FALSE
	EndGlobalSection
	GlobalSection(ExtensibilityGlobals) = postSolution
		SolutionGuid = {3B17FCFA-F3F6-47AD-A779-2582E4D728A3}
	EndGlobalSection
EndGlobal
